
Microsoft Visual Studio Solution File, Format Version 12.00
Project("{FAE04EC0-301F-11D3-BF4B-00C04F79EFBC}") = "MySampleLib", "MySampleLib\MySampleLib.csproj", "{7AF29DE9-9A76-49C4-B4BC-C842A3B27C34}"
EndProject
Project("{FAE04EC0-301F-11D3-BF4B-00C04F79EFBC}") = "MySampleLib.Tests", "MySampleLib.Tests\MySampleLib.Tests.csproj", "{209F21A5-80D3-4AF9-BEAA-893A5A555194}"
EndProject
Project("{FAE04EC0-301F-11D3-BF4B-00C04F79EFBC}") = "BlazorServerApp", "BlazorServerApp\BlazorServerApp.csproj", "{5C2CFAD1-1B85-4690-B4E9-48D556636E57}"
EndProject
Global
	GlobalSection(SolutionConfigurationPlatforms) = preSolution
		Debug|Any CPU = Debug|Any CPU
		Release|Any CPU = Release|Any CPU
	EndGlobalSection
	GlobalSection(ProjectConfigurationPlatforms) = postSolution
		{7AF29DE9-9A76-49C4-B4BC-C842A3B27C34}.Debug|Any CPU.ActiveCfg = Debug|Any CPU
		{7AF29DE9-9A76-49C4-B4BC-C842A3B27C34}.Debug|Any CPU.Build.0 = Debug|Any CPU
		{7AF29DE9-9A76-49C4-B4BC-C842A3B27C34}.Release|Any CPU.ActiveCfg = Release|Any CPU
		{7AF29DE9-9A76-49C4-B4BC-C842A3B27C34}.Release|Any CPU.Build.0 = Release|Any CPU
		{209F21A5-80D3-4AF9-BEAA-893A5A555194}.Debug|Any CPU.ActiveCfg = Debug|Any CPU
		{209F21A5-80D3-4AF9-BEAA-893A5A555194}.Debug|Any CPU.Build.0 = Debug|Any CPU
		{209F21A5-80D3-4AF9-BEAA-893A5A555194}.Release|Any CPU.ActiveCfg = Release|Any CPU
		{209F21A5-80D3-4AF9-BEAA-893A5A555194}.Release|Any CPU.Build.0 = Release|Any CPU
		{5C2CFAD1-1B85-4690-B4E9-48D556636E57}.Debug|Any CPU.ActiveCfg = Debug|Any CPU
		{5C2CFAD1-1B85-4690-B4E9-48D556636E57}.Debug|Any CPU.Build.0 = Debug|Any CPU
		{5C2CFAD1-1B85-4690-B4E9-48D556636E57}.Release|Any CPU.ActiveCfg = Release|Any CPU
		{5C2CFAD1-1B85-4690-B4E9-48D556636E57}.Release|Any CPU.Build.0 = Release|Any CPU
	EndGlobalSection
EndGlobal
