
Microsoft Visual Studio Solution File, Format Version 12.00
Project("{FAE04EC0-301F-11D3-BF4B-00C04F79EFBC}") = "TeamCity.CSharpInteractive", "TeamCity.CSharpInteractive\TeamCity.CSharpInteractive.csproj", "{ADFB3FC4-D403-413E-B77A-11F449F4FF50}"
EndProject
Project("{FAE04EC0-301F-11D3-BF4B-00C04F79EFBC}") = "TeamCity.CSharpInteractive.Tests", "TeamCity.CSharpInteractive.Tests\TeamCity.CSharpInteractive.Tests.csproj", "{D50DF30F-F84C-4292-9DA1-28D3649607A2}"
EndProject
Project("{FAE04EC0-301F-11D3-BF4B-00C04F79EFBC}") = "TeamCity.CSharpInteractive.HostApi", "TeamCity.CSharpInteractive.HostApi\TeamCity.CSharpInteractive.HostApi.csproj", "{4B570E69-8513-44C8-B501-22979CE6C87B}"
EndProject
Project("{FAE04EC0-301F-11D3-BF4B-00C04F79EFBC}") = "TeamCity.CSharpInteractive.Tool", "TeamCity.CSharpInteractive\TeamCity.CSharpInteractive.Tool.csproj", "{449E7939-B886-4213-A8AD-9E33B4EB19A7}"
EndProject
Project("{FAE04EC0-301F-11D3-BF4B-00C04F79EFBC}") = "TeamCity.CSharpInteractive.Templates", "TeamCity.CSharpInteractive.Templates\TeamCity.CSharpInteractive.Templates.csproj", "{F8533CEF-6965-48A9-BBDF-4BD791E3F92F}"
EndProject
Project("{2150E333-8FDC-42A3-9474-1A3956D46DE8}") = "Artifacts", "Artifacts", "{12A64310-BCF1-4B76-938C-F5DD7593B55F}"
	ProjectSection(SolutionItems) = preProject
		Directory.Build.props = Directory.Build.props
		LICENSE = LICENSE
		README_BODY.md = README_BODY.md
	EndProjectSection
EndProject
Project("{2150E333-8FDC-42A3-9474-1A3956D46DE8}") = "Samples", "Samples", "{CE315710-ACE8-4CAC-B030-4778257652DB}"
EndProject
Project("{FAE04EC0-301F-11D3-BF4B-00C04F79EFBC}") = "Build", "Samples\Build\Build.csproj", "{3F5207E9-BA16-4B65-9BA7-9582F2B2445D}"
EndProject
Project("{FAE04EC0-301F-11D3-BF4B-00C04F79EFBC}") = "Build1", "Samples\DemoProject\MySampleLib\Build1\Build1.csproj", "{1808CBC5-1020-4ED3-9CB3-31FE70D617FC}"
EndProject
Project("{FAE04EC0-301F-11D3-BF4B-00C04F79EFBC}") = "Build2", "Samples\DemoProject\MySampleLib\Build2\Build2.csproj", "{30B30380-7950-46BB-90B1-EABA160695A0}"
EndProject
Project("{FAE04EC0-301F-11D3-BF4B-00C04F79EFBC}") = "Build3", "Samples\DemoProject\MySampleLib\Build3\Build3.csproj", "{B02154F8-1830-4781-A049-2BA006259F3E}"
EndProject
Project("{FAE04EC0-301F-11D3-BF4B-00C04F79EFBC}") = "Build", "Build\Build.csproj", "{0DC4FDFF-B270-44FA-8BC0-E1D1C1453B17}"
EndProject
Project("{2150E333-8FDC-42A3-9474-1A3956D46DE8}") = "Demo", "Demo", "{44675319-B51D-479D-9094-1DCA462B25BC}"
EndProject
Global
	GlobalSection(SolutionConfigurationPlatforms) = preSolution
		Debug|Any CPU = Debug|Any CPU
		Release|Any CPU = Release|Any CPU
	EndGlobalSection
	GlobalSection(ProjectConfigurationPlatforms) = postSolution
		{ADFB3FC4-D403-413E-B77A-11F449F4FF50}.Debug|Any CPU.ActiveCfg = Debug|Any CPU
		{ADFB3FC4-D403-413E-B77A-11F449F4FF50}.Debug|Any CPU.Build.0 = Debug|Any CPU
		{ADFB3FC4-D403-413E-B77A-11F449F4FF50}.Release|Any CPU.ActiveCfg = Release|Any CPU
		{ADFB3FC4-D403-413E-B77A-11F449F4FF50}.Release|Any CPU.Build.0 = Release|Any CPU
		{D50DF30F-F84C-4292-9DA1-28D3649607A2}.Debug|Any CPU.ActiveCfg = Debug|Any CPU
		{D50DF30F-F84C-4292-9DA1-28D3649607A2}.Debug|Any CPU.Build.0 = Debug|Any CPU
		{D50DF30F-F84C-4292-9DA1-28D3649607A2}.Release|Any CPU.ActiveCfg = Release|Any CPU
		{D50DF30F-F84C-4292-9DA1-28D3649607A2}.Release|Any CPU.Build.0 = Release|Any CPU
		{4B570E69-8513-44C8-B501-22979CE6C87B}.Debug|Any CPU.ActiveCfg = Debug|Any CPU
		{4B570E69-8513-44C8-B501-22979CE6C87B}.Debug|Any CPU.Build.0 = Debug|Any CPU
		{4B570E69-8513-44C8-B501-22979CE6C87B}.Release|Any CPU.ActiveCfg = Release|Any CPU
		{4B570E69-8513-44C8-B501-22979CE6C87B}.Release|Any CPU.Build.0 = Release|Any CPU
		{449E7939-B886-4213-A8AD-9E33B4EB19A7}.Debug|Any CPU.ActiveCfg = Debug|Any CPU
		{449E7939-B886-4213-A8AD-9E33B4EB19A7}.Debug|Any CPU.Build.0 = Debug|Any CPU
		{449E7939-B886-4213-A8AD-9E33B4EB19A7}.Release|Any CPU.ActiveCfg = Release|Any CPU
		{449E7939-B886-4213-A8AD-9E33B4EB19A7}.Release|Any CPU.Build.0 = Release|Any CPU
		{F8533CEF-6965-48A9-BBDF-4BD791E3F92F}.Debug|Any CPU.ActiveCfg = Debug|Any CPU
		{F8533CEF-6965-48A9-BBDF-4BD791E3F92F}.Debug|Any CPU.Build.0 = Debug|Any CPU
		{F8533CEF-6965-48A9-BBDF-4BD791E3F92F}.Release|Any CPU.ActiveCfg = Release|Any CPU
		{F8533CEF-6965-48A9-BBDF-4BD791E3F92F}.Release|Any CPU.Build.0 = Release|Any CPU
		{7EE99DB4-7EA8-418D-ABF8-45D66063E6D7}.Debug|Any CPU.ActiveCfg = Debug|Any CPU
		{7EE99DB4-7EA8-418D-ABF8-45D66063E6D7}.Debug|Any CPU.Build.0 = Debug|Any CPU
		{7EE99DB4-7EA8-418D-ABF8-45D66063E6D7}.Release|Any CPU.ActiveCfg = Release|Any CPU
		{7EE99DB4-7EA8-418D-ABF8-45D66063E6D7}.Release|Any CPU.Build.0 = Release|Any CPU
		{3F5207E9-BA16-4B65-9BA7-9582F2B2445D}.Debug|Any CPU.ActiveCfg = Debug|Any CPU
		{3F5207E9-BA16-4B65-9BA7-9582F2B2445D}.Debug|Any CPU.Build.0 = Debug|Any CPU
		{3F5207E9-BA16-4B65-9BA7-9582F2B2445D}.Release|Any CPU.ActiveCfg = Release|Any CPU
		{3F5207E9-BA16-4B65-9BA7-9582F2B2445D}.Release|Any CPU.Build.0 = Release|Any CPU
		{1808CBC5-1020-4ED3-9CB3-31FE70D617FC}.Debug|Any CPU.ActiveCfg = Debug|Any CPU
		{1808CBC5-1020-4ED3-9CB3-31FE70D617FC}.Debug|Any CPU.Build.0 = Debug|Any CPU
		{1808CBC5-1020-4ED3-9CB3-31FE70D617FC}.Release|Any CPU.ActiveCfg = Release|Any CPU
		{1808CBC5-1020-4ED3-9CB3-31FE70D617FC}.Release|Any CPU.Build.0 = Release|Any CPU
		{30B30380-7950-46BB-90B1-EABA160695A0}.Debug|Any CPU.ActiveCfg = Debug|Any CPU
		{30B30380-7950-46BB-90B1-EABA160695A0}.Debug|Any CPU.Build.0 = Debug|Any CPU
		{30B30380-7950-46BB-90B1-EABA160695A0}.Release|Any CPU.ActiveCfg = Release|Any CPU
		{30B30380-7950-46BB-90B1-EABA160695A0}.Release|Any CPU.Build.0 = Release|Any CPU
		{B02154F8-1830-4781-A049-2BA006259F3E}.Debug|Any CPU.ActiveCfg = Debug|Any CPU
		{B02154F8-1830-4781-A049-2BA006259F3E}.Debug|Any CPU.Build.0 = Debug|Any CPU
		{B02154F8-1830-4781-A049-2BA006259F3E}.Release|Any CPU.ActiveCfg = Release|Any CPU
		{B02154F8-1830-4781-A049-2BA006259F3E}.Release|Any CPU.Build.0 = Release|Any CPU
		{0DC4FDFF-B270-44FA-8BC0-E1D1C1453B17}.Debug|Any CPU.ActiveCfg = Debug|Any CPU
		{0DC4FDFF-B270-44FA-8BC0-E1D1C1453B17}.Debug|Any CPU.Build.0 = Debug|Any CPU
		{0DC4FDFF-B270-44FA-8BC0-E1D1C1453B17}.Release|Any CPU.ActiveCfg = Release|Any CPU
		{0DC4FDFF-B270-44FA-8BC0-E1D1C1453B17}.Release|Any CPU.Build.0 = Release|Any CPU
	EndGlobalSection
	GlobalSection(NestedProjects) = preSolution
		{3F5207E9-BA16-4B65-9BA7-9582F2B2445D} = {CE315710-ACE8-4CAC-B030-4778257652DB}
		{44675319-B51D-479D-9094-1DCA462B25BC} = {CE315710-ACE8-4CAC-B030-4778257652DB}
		{1808CBC5-1020-4ED3-9CB3-31FE70D617FC} = {44675319-B51D-479D-9094-1DCA462B25BC}
		{30B30380-7950-46BB-90B1-EABA160695A0} = {44675319-B51D-479D-9094-1DCA462B25BC}
		{B02154F8-1830-4781-A049-2BA006259F3E} = {44675319-B51D-479D-9094-1DCA462B25BC}
	EndGlobalSection
EndGlobal
