
Microsoft Visual Studio Solution File, Format Version 12.00
Project("{FAE04EC0-301F-11D3-BF4B-00C04F79EFBC}") = "TeamCity.CSharpInteractive", "TeamCity.CSharpInteractive\TeamCity.CSharpInteractive.csproj", "{ADFB3FC4-D403-413E-B77A-11F449F4FF50}"
EndProject
Project("{FAE04EC0-301F-11D3-BF4B-00C04F79EFBC}") = "TeamCity.CSharpInteractive.Tests", "TeamCity.CSharpInteractive.Tests\TeamCity.CSharpInteractive.Tests.csproj", "{D50DF30F-F84C-4292-9DA1-28D3649607A2}"
EndProject
Project("{FAE04EC0-301F-11D3-BF4B-00C04F79EFBC}") = "TeamCity.CSharpInteractive.Contracts", "TeamCity.CSharpInteractive.Contracts\TeamCity.CSharpInteractive.Contracts.csproj", "{4B570E69-8513-44C8-B501-22979CE6C87B}"
EndProject
Global
	GlobalSection(SolutionConfigurationPlatforms) = preSolution
		Debug|Any CPU = Debug|Any CPU
		Release|Any CPU = Release|Any CPU
	EndGlobalSection
	GlobalSection(ProjectConfigurationPlatforms) = postSolution
		{ADFB3FC4-D403-413E-B77A-11F449F4FF50}.Debug|Any CPU.ActiveCfg = Debug|Any CPU
		{ADFB3FC4-D403-413E-B77A-11F449F4FF50}.Debug|Any CPU.Build.0 = Debug|Any CPU
		{ADFB3FC4-D403-413E-B77A-11F449F4FF50}.Release|Any CPU.ActiveCfg = Release|Any CPU
		{ADFB3FC4-D403-413E-B77A-11F449F4FF50}.Release|Any CPU.Build.0 = Release|Any CPU
		{D50DF30F-F84C-4292-9DA1-28D3649607A2}.Debug|Any CPU.ActiveCfg = Debug|Any CPU
		{D50DF30F-F84C-4292-9DA1-28D3649607A2}.Debug|Any CPU.Build.0 = Debug|Any CPU
		{D50DF30F-F84C-4292-9DA1-28D3649607A2}.Release|Any CPU.ActiveCfg = Release|Any CPU
		{D50DF30F-F84C-4292-9DA1-28D3649607A2}.Release|Any CPU.Build.0 = Release|Any CPU
		{4B570E69-8513-44C8-B501-22979CE6C87B}.Debug|Any CPU.ActiveCfg = Debug|Any CPU
		{4B570E69-8513-44C8-B501-22979CE6C87B}.Debug|Any CPU.Build.0 = Debug|Any CPU
		{4B570E69-8513-44C8-B501-22979CE6C87B}.Release|Any CPU.ActiveCfg = Release|Any CPU
		{4B570E69-8513-44C8-B501-22979CE6C87B}.Release|Any CPU.Build.0 = Release|Any CPU
	EndGlobalSection
	GlobalSection(NestedProjects) = preSolution
	EndGlobalSection
EndGlobal
