
Microsoft Visual Studio Solution File, Format Version 12.00
Project("{FAE04EC0-301F-11D3-BF4B-00C04F79EFBC}") = "Clock", "Clock\Clock.csproj", "{D84D0F5A-A6CC-4030-AB45-2A3FB123E569}"
EndProject
Project("{FAE04EC0-301F-11D3-BF4B-00C04F79EFBC}") = "Clock.Tests", "Clock.Tests\Clock.Tests.csproj", "{7FF99AB2-C436-4808-9EC1-7EDD6E5A3BA9}"
EndProject
Project("{FAE04EC0-301F-11D3-BF4B-00C04F79EFBC}") = "BlazorServerApp", "BlazorServerApp\BlazorServerApp.csproj", "{063B7718-FFB4-4ACC-9F7F-A92A621D0E5C}"
EndProject
Project("{FAE04EC0-301F-11D3-BF4B-00C04F79EFBC}") = "WpfAppNetCore", "WpfAppNetCore\WpfAppNetCore.csproj", "{1AE49409-463D-469F-935A-3292F7329646}"
EndProject
Global
	GlobalSection(SolutionConfigurationPlatforms) = preSolution
		Debug|Any CPU = Debug|Any CPU
		Release|Any CPU = Release|Any CPU
	EndGlobalSection
	GlobalSection(ProjectConfigurationPlatforms) = postSolution
		{D84D0F5A-A6CC-4030-AB45-2A3FB123E569}.Debug|Any CPU.ActiveCfg = Debug|Any CPU
		{D84D0F5A-A6CC-4030-AB45-2A3FB123E569}.Debug|Any CPU.Build.0 = Debug|Any CPU
		{D84D0F5A-A6CC-4030-AB45-2A3FB123E569}.Release|Any CPU.ActiveCfg = Release|Any CPU
		{D84D0F5A-A6CC-4030-AB45-2A3FB123E569}.Release|Any CPU.Build.0 = Release|Any CPU
		{7FF99AB2-C436-4808-9EC1-7EDD6E5A3BA9}.Debug|Any CPU.ActiveCfg = Debug|Any CPU
		{7FF99AB2-C436-4808-9EC1-7EDD6E5A3BA9}.Debug|Any CPU.Build.0 = Debug|Any CPU
		{7FF99AB2-C436-4808-9EC1-7EDD6E5A3BA9}.Release|Any CPU.ActiveCfg = Release|Any CPU
		{7FF99AB2-C436-4808-9EC1-7EDD6E5A3BA9}.Release|Any CPU.Build.0 = Release|Any CPU
		{063B7718-FFB4-4ACC-9F7F-A92A621D0E5C}.Debug|Any CPU.ActiveCfg = Debug|Any CPU
		{063B7718-FFB4-4ACC-9F7F-A92A621D0E5C}.Debug|Any CPU.Build.0 = Debug|Any CPU
		{063B7718-FFB4-4ACC-9F7F-A92A621D0E5C}.Release|Any CPU.ActiveCfg = Release|Any CPU
		{063B7718-FFB4-4ACC-9F7F-A92A621D0E5C}.Release|Any CPU.Build.0 = Release|Any CPU
		{1AE49409-463D-469F-935A-3292F7329646}.Debug|Any CPU.ActiveCfg = Debug|Any CPU
		{1AE49409-463D-469F-935A-3292F7329646}.Debug|Any CPU.Build.0 = Debug|Any CPU
		{1AE49409-463D-469F-935A-3292F7329646}.Release|Any CPU.ActiveCfg = Release|Any CPU
		{1AE49409-463D-469F-935A-3292F7329646}.Release|Any CPU.Build.0 = Release|Any CPU
	EndGlobalSection
EndGlobal
